
Microsoft Visual Studio Solution File, Format Version 12.00
# Visual Studio Version 16
VisualStudioVersion = 16.0.31729.503
MinimumVisualStudioVersion = 10.0.40219.1
Project("{FAE04EC0-301F-11D3-BF4B-00C04F79EFBC}") = "day3", "day3\day3.csproj", "{DCB9070A-4156-4D5F-9D7D-F1FA333835BF}"
EndProject
Global
	GlobalSection(SolutionConfigurationPlatforms) = preSolution
		Debug|Any CPU = Debug|Any CPU
		Release|Any CPU = Release|Any CPU
	EndGlobalSection
	GlobalSection(ProjectConfigurationPlatforms) = postSolution
		{DCB9070A-4156-4D5F-9D7D-F1FA333835BF}.Debug|Any CPU.ActiveCfg = Debug|Any CPU
		{DCB9070A-4156-4D5F-9D7D-F1FA333835BF}.Debug|Any CPU.Build.0 = Debug|Any CPU
		{DCB9070A-4156-4D5F-9D7D-F1FA333835BF}.Release|Any CPU.ActiveCfg = Release|Any CPU
		{DCB9070A-4156-4D5F-9D7D-F1FA333835BF}.Release|Any CPU.Build.0 = Release|Any CPU
	EndGlobalSection
	GlobalSection(SolutionProperties) = preSolution
		HideSolutionNode = FALSE
	EndGlobalSection
	GlobalSection(ExtensibilityGlobals) = postSolution
		SolutionGuid = {75924B7D-B388-41B3-912F-05523F4FB485}
	EndGlobalSection
EndGlobal
